// !$*UTF8*$!
{
	archiveVersion = 1;
	classes = {
	};
	objectVersion = 56;
	objects = {

/* Begin PBXBuildFile section */
		407BEF092C4C01E500F99D50 /* AppDelegate.swift in Sources */ = {isa = PBXBuildFile; fileRef = 407BEF082C4C01E500F99D50 /* AppDelegate.swift */; };
		407BEF0B2C4C01E500F99D50 /* SceneDelegate.swift in Sources */ = {isa = PBXBuildFile; fileRef = 407BEF0A2C4C01E500F99D50 /* SceneDelegate.swift */; };
		407BEF102C4C01E500F99D50 /* Base in Resources */ = {isa = PBXBuildFile; fileRef = 407BEF0F2C4C01E500F99D50 /* Base */; };
		407BEF122C4C01E600F99D50 /* Assets.xcassets in Resources */ = {isa = PBXBuildFile; fileRef = 407BEF112C4C01E600F99D50 /* Assets.xcassets */; };
		407BEF152C4C01E600F99D50 /* Base in Resources */ = {isa = PBXBuildFile; fileRef = 407BEF142C4C01E600F99D50 /* Base */; };
		407BEF212C4C03F800F99D50 /* NetworkManagerProtocol.swift in Sources */ = {isa = PBXBuildFile; fileRef = 407BEF202C4C03F800F99D50 /* NetworkManagerProtocol.swift */; };
		407BEF232C4C040300F99D50 /* NetworkManager.swift in Sources */ = {isa = PBXBuildFile; fileRef = 407BEF222C4C040300F99D50 /* NetworkManager.swift */; };
		407BEF2A2C4C0B7100F99D50 /* LoginViewController.swift in Sources */ = {isa = PBXBuildFile; fileRef = 407BEF292C4C0B7100F99D50 /* LoginViewController.swift */; };
		407BEF2D2C4C119400F99D50 /* ReturnRequestTableViewCell.swift in Sources */ = {isa = PBXBuildFile; fileRef = 407BEF2B2C4C119400F99D50 /* ReturnRequestTableViewCell.swift */; };
		407BEF2E2C4C119400F99D50 /* ReturnRequestTableViewCell.xib in Resources */ = {isa = PBXBuildFile; fileRef = 407BEF2C2C4C119400F99D50 /* ReturnRequestTableViewCell.xib */; };
		407BEF312C4C178F00F99D50 /* ReturnRequestViewController.swift in Sources */ = {isa = PBXBuildFile; fileRef = 407BEF302C4C178F00F99D50 /* ReturnRequestViewController.swift */; };
		98BF367F43C60CC2A5CBE2E3 /* Pods_Pharmacy.framework in Frameworks */ = {isa = PBXBuildFile; fileRef = A6CE342F6357D2EC29BB93F7 /* Pods_Pharmacy.framework */; };
/* End PBXBuildFile section */

/* Begin PBXFileReference section */
		407BEF052C4C01E500F99D50 /* Pharmacy.app */ = {isa = PBXFileReference; explicitFileType = wrapper.application; includeInIndex = 0; path = Pharmacy.app; sourceTree = BUILT_PRODUCTS_DIR; };
		407BEF082C4C01E500F99D50 /* AppDelegate.swift */ = {isa = PBXFileReference; lastKnownFileType = sourcecode.swift; path = AppDelegate.swift; sourceTree = "<group>"; };
		407BEF0A2C4C01E500F99D50 /* SceneDelegate.swift */ = {isa = PBXFileReference; lastKnownFileType = sourcecode.swift; path = SceneDelegate.swift; sourceTree = "<group>"; };
		407BEF0F2C4C01E500F99D50 /* Base */ = {isa = PBXFileReference; lastKnownFileType = file.storyboard; name = Base; path = Base.lproj/Main.storyboard; sourceTree = "<group>"; };
		407BEF112C4C01E600F99D50 /* Assets.xcassets */ = {isa = PBXFileReference; lastKnownFileType = folder.assetcatalog; path = Assets.xcassets; sourceTree = "<group>"; };
		407BEF142C4C01E600F99D50 /* Base */ = {isa = PBXFileReference; lastKnownFileType = file.storyboard; name = Base; path = Base.lproj/LaunchScreen.storyboard; sourceTree = "<group>"; };
		407BEF162C4C01E600F99D50 /* Info.plist */ = {isa = PBXFileReference; lastKnownFileType = text.plist.xml; path = Info.plist; sourceTree = "<group>"; };
		407BEF202C4C03F800F99D50 /* NetworkManagerProtocol.swift */ = {isa = PBXFileReference; lastKnownFileType = sourcecode.swift; path = NetworkManagerProtocol.swift; sourceTree = "<group>"; };
		407BEF222C4C040300F99D50 /* NetworkManager.swift */ = {isa = PBXFileReference; lastKnownFileType = sourcecode.swift; path = NetworkManager.swift; sourceTree = "<group>"; };
		407BEF292C4C0B7100F99D50 /* LoginViewController.swift */ = {isa = PBXFileReference; lastKnownFileType = sourcecode.swift; path = LoginViewController.swift; sourceTree = "<group>"; };
		407BEF2B2C4C119400F99D50 /* ReturnRequestTableViewCell.swift */ = {isa = PBXFileReference; lastKnownFileType = sourcecode.swift; path = ReturnRequestTableViewCell.swift; sourceTree = "<group>"; };
		407BEF2C2C4C119400F99D50 /* ReturnRequestTableViewCell.xib */ = {isa = PBXFileReference; lastKnownFileType = file.xib; path = ReturnRequestTableViewCell.xib; sourceTree = "<group>"; };
		407BEF302C4C178F00F99D50 /* ReturnRequestViewController.swift */ = {isa = PBXFileReference; lastKnownFileType = sourcecode.swift; path = ReturnRequestViewController.swift; sourceTree = "<group>"; };
		45DD511739DB0767A8F599C3 /* Pods-Pharmacy.debug.xcconfig */ = {isa = PBXFileReference; includeInIndex = 1; lastKnownFileType = text.xcconfig; name = "Pods-Pharmacy.debug.xcconfig"; path = "Target Support Files/Pods-Pharmacy/Pods-Pharmacy.debug.xcconfig"; sourceTree = "<group>"; };
		A6CE342F6357D2EC29BB93F7 /* Pods_Pharmacy.framework */ = {isa = PBXFileReference; explicitFileType = wrapper.framework; includeInIndex = 0; path = Pods_Pharmacy.framework; sourceTree = BUILT_PRODUCTS_DIR; };
		C08910FC3A475E5AB2A10937 /* Pods-Pharmacy.release.xcconfig */ = {isa = PBXFileReference; includeInIndex = 1; lastKnownFileType = text.xcconfig; name = "Pods-Pharmacy.release.xcconfig"; path = "Target Support Files/Pods-Pharmacy/Pods-Pharmacy.release.xcconfig"; sourceTree = "<group>"; };
/* End PBXFileReference section */

/* Begin PBXFrameworksBuildPhase section */
		407BEF022C4C01E500F99D50 /* Frameworks */ = {
			isa = PBXFrameworksBuildPhase;
			buildActionMask = 2147483647;
			files = (
				98BF367F43C60CC2A5CBE2E3 /* Pods_Pharmacy.framework in Frameworks */,
			);
			runOnlyForDeploymentPostprocessing = 0;
		};
/* End PBXFrameworksBuildPhase section */

/* Begin PBXGroup section */
		407BEEFC2C4C01E500F99D50 = {
			isa = PBXGroup;
			children = (
				407BEF072C4C01E500F99D50 /* Pharmacy */,
				407BEF062C4C01E500F99D50 /* Products */,
				47A9DDA511C120A8262772E8 /* Pods */,
				719521A499592009263FE894 /* Frameworks */,
			);
			sourceTree = "<group>";
		};
		407BEF062C4C01E500F99D50 /* Products */ = {
			isa = PBXGroup;
			children = (
				407BEF052C4C01E500F99D50 /* Pharmacy.app */,
			);
			name = Products;
			sourceTree = "<group>";
		};
		407BEF072C4C01E500F99D50 /* Pharmacy */ = {
			isa = PBXGroup;
			children = (
				407BEF1E2C4C03C900F99D50 /* View */,
				407BEF1C2C4C03AE00F99D50 /* Modules */,
				407BEF1F2C4C03D100F99D50 /* Model */,
				407BEF1D2C4C03BD00F99D50 /* Services */,
				407BEF082C4C01E500F99D50 /* AppDelegate.swift */,
				407BEF0A2C4C01E500F99D50 /* SceneDelegate.swift */,
				407BEF112C4C01E600F99D50 /* Assets.xcassets */,
				407BEF162C4C01E600F99D50 /* Info.plist */,
			);
			path = Pharmacy;
			sourceTree = "<group>";
		};
		407BEF1C2C4C03AE00F99D50 /* Modules */ = {
			isa = PBXGroup;
			children = (
				407BEF262C4C0B4200F99D50 /* Login */,
				407BEF2F2C4C176B00F99D50 /* ReturnRequests */,
			);
			path = Modules;
			sourceTree = "<group>";
		};
		407BEF1D2C4C03BD00F99D50 /* Services */ = {
			isa = PBXGroup;
			children = (
				407BEF202C4C03F800F99D50 /* NetworkManagerProtocol.swift */,
				407BEF222C4C040300F99D50 /* NetworkManager.swift */,
			);
			path = Services;
			sourceTree = "<group>";
		};
		407BEF1E2C4C03C900F99D50 /* View */ = {
			isa = PBXGroup;
			children = (
				407BEF252C4C069700F99D50 /* InterfaceBuilders */,
				407BEF242C4C068B00F99D50 /* classes */,
			);
			path = View;
			sourceTree = "<group>";
		};
		407BEF1F2C4C03D100F99D50 /* Model */ = {
			isa = PBXGroup;
			children = (
			);
			path = Model;
			sourceTree = "<group>";
		};
		407BEF242C4C068B00F99D50 /* classes */ = {
			isa = PBXGroup;
			children = (
				407BEF2B2C4C119400F99D50 /* ReturnRequestTableViewCell.swift */,
			);
			path = classes;
			sourceTree = "<group>";
		};
		407BEF252C4C069700F99D50 /* InterfaceBuilders */ = {
			isa = PBXGroup;
			children = (
				407BEF0E2C4C01E500F99D50 /* Main.storyboard */,
				407BEF132C4C01E600F99D50 /* LaunchScreen.storyboard */,
				407BEF2C2C4C119400F99D50 /* ReturnRequestTableViewCell.xib */,
			);
			path = InterfaceBuilders;
			sourceTree = "<group>";
		};
		407BEF262C4C0B4200F99D50 /* Login */ = {
			isa = PBXGroup;
			children = (
				407BEF282C4C0B5C00F99D50 /* view */,
				407BEF272C4C0B5000F99D50 /* viewModel */,
			);
			path = Login;
			sourceTree = "<group>";
		};
		407BEF272C4C0B5000F99D50 /* viewModel */ = {
			isa = PBXGroup;
			children = (
			);
			path = viewModel;
			sourceTree = "<group>";
		};
		407BEF282C4C0B5C00F99D50 /* view */ = {
			isa = PBXGroup;
			children = (
				407BEF292C4C0B7100F99D50 /* LoginViewController.swift */,
			);
			path = view;
			sourceTree = "<group>";
		};
		407BEF2F2C4C176B00F99D50 /* ReturnRequests */ = {
			isa = PBXGroup;
			children = (
				407BEF302C4C178F00F99D50 /* ReturnRequestViewController.swift */,
			);
			path = ReturnRequests;
			sourceTree = "<group>";
		};
		47A9DDA511C120A8262772E8 /* Pods */ = {
			isa = PBXGroup;
			children = (
				45DD511739DB0767A8F599C3 /* Pods-Pharmacy.debug.xcconfig */,
				C08910FC3A475E5AB2A10937 /* Pods-Pharmacy.release.xcconfig */,
			);
			path = Pods;
			sourceTree = "<group>";
		};
		719521A499592009263FE894 /* Frameworks */ = {
			isa = PBXGroup;
			children = (
				A6CE342F6357D2EC29BB93F7 /* Pods_Pharmacy.framework */,
			);
			name = Frameworks;
			sourceTree = "<group>";
		};
/* End PBXGroup section */

/* Begin PBXNativeTarget section */
		407BEF042C4C01E500F99D50 /* Pharmacy */ = {
			isa = PBXNativeTarget;
			buildConfigurationList = 407BEF192C4C01E600F99D50 /* Build configuration list for PBXNativeTarget "Pharmacy" */;
			buildPhases = (
				79FA59501C6A76B29432388A /* [CP] Check Pods Manifest.lock */,
				407BEF012C4C01E500F99D50 /* Sources */,
				407BEF022C4C01E500F99D50 /* Frameworks */,
				407BEF032C4C01E500F99D50 /* Resources */,
				8ED07B74B86A964A01C0B9EF /* [CP] Embed Pods Frameworks */,
			);
			buildRules = (
			);
			dependencies = (
			);
			name = Pharmacy;
			productName = Pharmacy;
			productReference = 407BEF052C4C01E500F99D50 /* Pharmacy.app */;
			productType = "com.apple.product-type.application";
		};
/* End PBXNativeTarget section */

/* Begin PBXProject section */
		407BEEFD2C4C01E500F99D50 /* Project object */ = {
			isa = PBXProject;
			attributes = {
				BuildIndependentTargetsInParallel = 1;
				LastSwiftUpdateCheck = 1530;
				LastUpgradeCheck = 1530;
				TargetAttributes = {
					407BEF042C4C01E500F99D50 = {
						CreatedOnToolsVersion = 15.3;
					};
				};
			};
			buildConfigurationList = 407BEF002C4C01E500F99D50 /* Build configuration list for PBXProject "Pharmacy" */;
			compatibilityVersion = "Xcode 14.0";
			developmentRegion = en;
			hasScannedForEncodings = 0;
			knownRegions = (
				en,
				Base,
			);
			mainGroup = 407BEEFC2C4C01E500F99D50;
			productRefGroup = 407BEF062C4C01E500F99D50 /* Products */;
			projectDirPath = "";
			projectRoot = "";
			targets = (
				407BEF042C4C01E500F99D50 /* Pharmacy */,
			);
		};
/* End PBXProject section */

/* Begin PBXResourcesBuildPhase section */
		407BEF032C4C01E500F99D50 /* Resources */ = {
			isa = PBXResourcesBuildPhase;
			buildActionMask = 2147483647;
			files = (
				407BEF122C4C01E600F99D50 /* Assets.xcassets in Resources */,
				407BEF152C4C01E600F99D50 /* Base in Resources */,
				407BEF102C4C01E500F99D50 /* Base in Resources */,
				407BEF2E2C4C119400F99D50 /* ReturnRequestTableViewCell.xib in Resources */,
			);
			runOnlyForDeploymentPostprocessing = 0;
		};
/* End PBXResourcesBuildPhase section */

/* Begin PBXShellScriptBuildPhase section */
		79FA59501C6A76B29432388A /* [CP] Check Pods Manifest.lock */ = {
			isa = PBXShellScriptBuildPhase;
			buildActionMask = 2147483647;
			files = (
			);
			inputFileListPaths = (
			);
			inputPaths = (
				"${PODS_PODFILE_DIR_PATH}/Podfile.lock",
				"${PODS_ROOT}/Manifest.lock",
			);
			name = "[CP] Check Pods Manifest.lock";
			outputFileListPaths = (
			);
			outputPaths = (
				"$(DERIVED_FILE_DIR)/Pods-Pharmacy-checkManifestLockResult.txt",
			);
			runOnlyForDeploymentPostprocessing = 0;
			shellPath = /bin/sh;
			shellScript = "diff \"${PODS_PODFILE_DIR_PATH}/Podfile.lock\" \"${PODS_ROOT}/Manifest.lock\" > /dev/null\nif [ $? != 0 ] ; then\n    # print error to STDERR\n    echo \"error: The sandbox is not in sync with the Podfile.lock. Run 'pod install' or update your CocoaPods installation.\" >&2\n    exit 1\nfi\n# This output is used by Xcode 'outputs' to avoid re-running this script phase.\necho \"SUCCESS\" > \"${SCRIPT_OUTPUT_FILE_0}\"\n";
			showEnvVarsInLog = 0;
		};
		8ED07B74B86A964A01C0B9EF /* [CP] Embed Pods Frameworks */ = {
			isa = PBXShellScriptBuildPhase;
			buildActionMask = 2147483647;
			files = (
			);
			inputFileListPaths = (
				"${PODS_ROOT}/Target Support Files/Pods-Pharmacy/Pods-Pharmacy-frameworks-${CONFIGURATION}-input-files.xcfilelist",
			);
			name = "[CP] Embed Pods Frameworks";
			outputFileListPaths = (
				"${PODS_ROOT}/Target Support Files/Pods-Pharmacy/Pods-Pharmacy-frameworks-${CONFIGURATION}-output-files.xcfilelist",
			);
			runOnlyForDeploymentPostprocessing = 0;
			shellPath = /bin/sh;
			shellScript = "\"${PODS_ROOT}/Target Support Files/Pods-Pharmacy/Pods-Pharmacy-frameworks.sh\"\n";
			showEnvVarsInLog = 0;
		};
/* End PBXShellScriptBuildPhase section */

/* Begin PBXSourcesBuildPhase section */
		407BEF012C4C01E500F99D50 /* Sources */ = {
			isa = PBXSourcesBuildPhase;
			buildActionMask = 2147483647;
			files = (
				407BEF092C4C01E500F99D50 /* AppDelegate.swift in Sources */,
				407BEF232C4C040300F99D50 /* NetworkManager.swift in Sources */,
				407BEF212C4C03F800F99D50 /* NetworkManagerProtocol.swift in Sources */,
				407BEF2A2C4C0B7100F99D50 /* LoginViewController.swift in Sources */,
				407BEF2D2C4C119400F99D50 /* ReturnRequestTableViewCell.swift in Sources */,
				407BEF312C4C178F00F99D50 /* ReturnRequestViewController.swift in Sources */,
				407BEF0B2C4C01E500F99D50 /* SceneDelegate.swift in Sources */,
			);
			runOnlyForDeploymentPostprocessing = 0;
		};
/* End PBXSourcesBuildPhase section */

/* Begin PBXVariantGroup section */
		407BEF0E2C4C01E500F99D50 /* Main.storyboard */ = {
			isa = PBXVariantGroup;
			children = (
				407BEF0F2C4C01E500F99D50 /* Base */,
			);
			name = Main.storyboard;
			sourceTree = "<group>";
		};
		407BEF132C4C01E600F99D50 /* LaunchScreen.storyboard */ = {
			isa = PBXVariantGroup;
			children = (
				407BEF142C4C01E600F99D50 /* Base */,
			);
			name = LaunchScreen.storyboard;
			sourceTree = "<group>";
		};
/* End PBXVariantGroup section */

/* Begin XCBuildConfiguration section */
		407BEF172C4C01E600F99D50 /* Debug */ = {
			isa = XCBuildConfiguration;
			buildSettings = {
				ALWAYS_SEARCH_USER_PATHS = NO;
				ASSETCATALOG_COMPILER_GENERATE_SWIFT_ASSET_SYMBOL_EXTENSIONS = YES;
				CLANG_ANALYZER_NONNULL = YES;
				CLANG_ANALYZER_NUMBER_OBJECT_CONVERSION = YES_AGGRESSIVE;
				CLANG_CXX_LANGUAGE_STANDARD = "gnu++20";
				CLANG_ENABLE_MODULES = YES;
				CLANG_ENABLE_OBJC_ARC = YES;
				CLANG_ENABLE_OBJC_WEAK = YES;
				CLANG_WARN_BLOCK_CAPTURE_AUTORELEASING = YES;
				CLANG_WARN_BOOL_CONVERSION = YES;
				CLANG_WARN_COMMA = YES;
				CLANG_WARN_CONSTANT_CONVERSION = YES;
				CLANG_WARN_DEPRECATED_OBJC_IMPLEMENTATIONS = YES;
				CLANG_WARN_DIRECT_OBJC_ISA_USAGE = YES_ERROR;
				CLANG_WARN_DOCUMENTATION_COMMENTS = YES;
				CLANG_WARN_EMPTY_BODY = YES;
				CLANG_WARN_ENUM_CONVERSION = YES;
				CLANG_WARN_INFINITE_RECURSION = YES;
				CLANG_WARN_INT_CONVERSION = YES;
				CLANG_WARN_NON_LITERAL_NULL_CONVERSION = YES;
				CLANG_WARN_OBJC_IMPLICIT_RETAIN_SELF = YES;
				CLANG_WARN_OBJC_LITERAL_CONVERSION = YES;
				CLANG_WARN_OBJC_ROOT_CLASS = YES_ERROR;
				CLANG_WARN_QUOTED_INCLUDE_IN_FRAMEWORK_HEADER = YES;
				CLANG_WARN_RANGE_LOOP_ANALYSIS = YES;
				CLANG_WARN_STRICT_PROTOTYPES = YES;
				CLANG_WARN_SUSPICIOUS_MOVE = YES;
				CLANG_WARN_UNGUARDED_AVAILABILITY = YES_AGGRESSIVE;
				CLANG_WARN_UNREACHABLE_CODE = YES;
				CLANG_WARN__DUPLICATE_METHOD_MATCH = YES;
				COPY_PHASE_STRIP = NO;
				DEBUG_INFORMATION_FORMAT = dwarf;
				ENABLE_STRICT_OBJC_MSGSEND = YES;
				ENABLE_TESTABILITY = YES;
				ENABLE_USER_SCRIPT_SANDBOXING = YES;
				GCC_C_LANGUAGE_STANDARD = gnu17;
				GCC_DYNAMIC_NO_PIC = NO;
				GCC_NO_COMMON_BLOCKS = YES;
				GCC_OPTIMIZATION_LEVEL = 0;
				GCC_PREPROCESSOR_DEFINITIONS = (
					"DEBUG=1",
					"$(inherited)",
				);
				GCC_WARN_64_TO_32_BIT_CONVERSION = YES;
				GCC_WARN_ABOUT_RETURN_TYPE = YES_ERROR;
				GCC_WARN_UNDECLARED_SELECTOR = YES;
				GCC_WARN_UNINITIALIZED_AUTOS = YES_AGGRESSIVE;
				GCC_WARN_UNUSED_FUNCTION = YES;
				GCC_WARN_UNUSED_VARIABLE = YES;
				IPHONEOS_DEPLOYMENT_TARGET = 17.4;
				LOCALIZATION_PREFERS_STRING_CATALOGS = YES;
				MTL_ENABLE_DEBUG_INFO = INCLUDE_SOURCE;
				MTL_FAST_MATH = YES;
				ONLY_ACTIVE_ARCH = YES;
				SDKROOT = iphoneos;
				SWIFT_ACTIVE_COMPILATION_CONDITIONS = "DEBUG $(inherited)";
				SWIFT_OPTIMIZATION_LEVEL = "-Onone";
			};
			name = Debug;
		};
		407BEF182C4C01E600F99D50 /* Release */ = {
			isa = XCBuildConfiguration;
			buildSettings = {
				ALWAYS_SEARCH_USER_PATHS = NO;
				ASSETCATALOG_COMPILER_GENERATE_SWIFT_ASSET_SYMBOL_EXTENSIONS = YES;
				CLANG_ANALYZER_NONNULL = YES;
				CLANG_ANALYZER_NUMBER_OBJECT_CONVERSION = YES_AGGRESSIVE;
				CLANG_CXX_LANGUAGE_STANDARD = "gnu++20";
				CLANG_ENABLE_MODULES = YES;
				CLANG_ENABLE_OBJC_ARC = YES;
				CLANG_ENABLE_OBJC_WEAK = YES;
				CLANG_WARN_BLOCK_CAPTURE_AUTORELEASING = YES;
				CLANG_WARN_BOOL_CONVERSION = YES;
				CLANG_WARN_COMMA = YES;
				CLANG_WARN_CONSTANT_CONVERSION = YES;
				CLANG_WARN_DEPRECATED_OBJC_IMPLEMENTATIONS = YES;
				CLANG_WARN_DIRECT_OBJC_ISA_USAGE = YES_ERROR;
				CLANG_WARN_DOCUMENTATION_COMMENTS = YES;
				CLANG_WARN_EMPTY_BODY = YES;
				CLANG_WARN_ENUM_CONVERSION = YES;
				CLANG_WARN_INFINITE_RECURSION = YES;
				CLANG_WARN_INT_CONVERSION = YES;
				CLANG_WARN_NON_LITERAL_NULL_CONVERSION = YES;
				CLANG_WARN_OBJC_IMPLICIT_RETAIN_SELF = YES;
				CLANG_WARN_OBJC_LITERAL_CONVERSION = YES;
				CLANG_WARN_OBJC_ROOT_CLASS = YES_ERROR;
				CLANG_WARN_QUOTED_INCLUDE_IN_FRAMEWORK_HEADER = YES;
				CLANG_WARN_RANGE_LOOP_ANALYSIS = YES;
				CLANG_WARN_STRICT_PROTOTYPES = YES;
				CLANG_WARN_SUSPICIOUS_MOVE = YES;
				CLANG_WARN_UNGUARDED_AVAILABILITY = YES_AGGRESSIVE;
				CLANG_WARN_UNREACHABLE_CODE = YES;
				CLANG_WARN__DUPLICATE_METHOD_MATCH = YES;
				COPY_PHASE_STRIP = NO;
				DEBUG_INFORMATION_FORMAT = "dwarf-with-dsym";
				ENABLE_NS_ASSERTIONS = NO;
				ENABLE_STRICT_OBJC_MSGSEND = YES;
				ENABLE_USER_SCRIPT_SANDBOXING = YES;
				GCC_C_LANGUAGE_STANDARD = gnu17;
				GCC_NO_COMMON_BLOCKS = YES;
				GCC_WARN_64_TO_32_BIT_CONVERSION = YES;
				GCC_WARN_ABOUT_RETURN_TYPE = YES_ERROR;
				GCC_WARN_UNDECLARED_SELECTOR = YES;
				GCC_WARN_UNINITIALIZED_AUTOS = YES_AGGRESSIVE;
				GCC_WARN_UNUSED_FUNCTION = YES;
				GCC_WARN_UNUSED_VARIABLE = YES;
				IPHONEOS_DEPLOYMENT_TARGET = 17.4;
				LOCALIZATION_PREFERS_STRING_CATALOGS = YES;
				MTL_ENABLE_DEBUG_INFO = NO;
				MTL_FAST_MATH = YES;
				SDKROOT = iphoneos;
				SWIFT_COMPILATION_MODE = wholemodule;
				VALIDATE_PRODUCT = YES;
			};
			name = Release;
		};
		407BEF1A2C4C01E600F99D50 /* Debug */ = {
			isa = XCBuildConfiguration;
			baseConfigurationReference = 45DD511739DB0767A8F599C3 /* Pods-Pharmacy.debug.xcconfig */;
			buildSettings = {
				ASSETCATALOG_COMPILER_APPICON_NAME = AppIcon;
				ASSETCATALOG_COMPILER_GLOBAL_ACCENT_COLOR_NAME = AccentColor;
				CODE_SIGN_STYLE = Automatic;
				CURRENT_PROJECT_VERSION = 1;
				ENABLE_USER_SCRIPT_SANDBOXING = NO;
				GENERATE_INFOPLIST_FILE = YES;
				INFOPLIST_FILE = Pharmacy/Info.plist;
				INFOPLIST_KEY_UIApplicationSupportsIndirectInputEvents = YES;
				INFOPLIST_KEY_UILaunchStoryboardName = LaunchScreen;
				INFOPLIST_KEY_UIMainStoryboardFile = Main;
				INFOPLIST_KEY_UISupportedInterfaceOrientations_iPad = "UIInterfaceOrientationPortrait UIInterfaceOrientationPortraitUpsideDown UIInterfaceOrientationLandscapeLeft UIInterfaceOrientationLandscapeRight";
				INFOPLIST_KEY_UISupportedInterfaceOrientations_iPhone = "UIInterfaceOrientationPortrait UIInterfaceOrientationLandscapeLeft UIInterfaceOrientationLandscapeRight";
				LD_RUNPATH_SEARCH_PATHS = (
					"$(inherited)",
					"@executable_path/Frameworks",
				);
				MARKETING_VERSION = 1.0;
				PRODUCT_BUNDLE_IDENTIFIER = Yomicepa.Pharmacy;
				PRODUCT_NAME = "$(TARGET_NAME)";
				SWIFT_EMIT_LOC_STRINGS = YES;
				SWIFT_VERSION = 5.0;
				TARGETED_DEVICE_FAMILY = "1,2";
			};
			name = Debug;
		};
		407BEF1B2C4C01E600F99D50 /* Release */ = {
			isa = XCBuildConfiguration;
			baseConfigurationReference = C08910FC3A475E5AB2A10937 /* Pods-Pharmacy.release.xcconfig */;
			buildSettings = {
				ASSETCATALOG_COMPILER_APPICON_NAME = AppIcon;
				ASSETCATALOG_COMPILER_GLOBAL_ACCENT_COLOR_NAME = AccentColor;
				CODE_SIGN_STYLE = Automatic;
				CURRENT_PROJECT_VERSION = 1;
				ENABLE_USER_SCRIPT_SANDBOXING = NO;
				GENERATE_INFOPLIST_FILE = YES;
				INFOPLIST_FILE = Pharmacy/Info.plist;
				INFOPLIST_KEY_UIApplicationSupportsIndirectInputEvents = YES;
				INFOPLIST_KEY_UILaunchStoryboardName = LaunchScreen;
				INFOPLIST_KEY_UIMainStoryboardFile = Main;
				INFOPLIST_KEY_UISupportedInterfaceOrientations_iPad = "UIInterfaceOrientationPortrait UIInterfaceOrientationPortraitUpsideDown UIInterfaceOrientationLandscapeLeft UIInterfaceOrientationLandscapeRight";
				INFOPLIST_KEY_UISupportedInterfaceOrientations_iPhone = "UIInterfaceOrientationPortrait UIInterfaceOrientationLandscapeLeft UIInterfaceOrientationLandscapeRight";
				LD_RUNPATH_SEARCH_PATHS = (
					"$(inherited)",
					"@executable_path/Frameworks",
				);
				MARKETING_VERSION = 1.0;
				PRODUCT_BUNDLE_IDENTIFIER = Yomicepa.Pharmacy;
				PRODUCT_NAME = "$(TARGET_NAME)";
				SWIFT_EMIT_LOC_STRINGS = YES;
				SWIFT_VERSION = 5.0;
				TARGETED_DEVICE_FAMILY = "1,2";
			};
			name = Release;
		};
/* End XCBuildConfiguration section */

/* Begin XCConfigurationList section */
		407BEF002C4C01E500F99D50 /* Build configuration list for PBXProject "Pharmacy" */ = {
			isa = XCConfigurationList;
			buildConfigurations = (
				407BEF172C4C01E600F99D50 /* Debug */,
				407BEF182C4C01E600F99D50 /* Release */,
			);
			defaultConfigurationIsVisible = 0;
			defaultConfigurationName = Release;
		};
		407BEF192C4C01E600F99D50 /* Build configuration list for PBXNativeTarget "Pharmacy" */ = {
			isa = XCConfigurationList;
			buildConfigurations = (
				407BEF1A2C4C01E600F99D50 /* Debug */,
				407BEF1B2C4C01E600F99D50 /* Release */,
			);
			defaultConfigurationIsVisible = 0;
			defaultConfigurationName = Release;
		};
/* End XCConfigurationList section */
	};
	rootObject = 407BEEFD2C4C01E500F99D50 /* Project object */;
}
